
Microsoft Visual Studio Solution File, Format Version 12.00
# Visual Studio Version 16
VisualStudioVersion = 16.0.31605.320
MinimumVisualStudioVersion = 10.0.40219.1
Project("{8BC9CEB8-8B4A-11D0-8D11-00A0C91BC942}") = "EV1-E1-NC", "EV1-E1-NC.vcxproj", "{87DA9A0A-0C34-4A06-AB92-D356D4D47283}"
EndProject
Global
	GlobalSection(SolutionConfigurationPlatforms) = preSolution
		Debug|x64 = Debug|x64
		Debug|x86 = Debug|x86
		Release|x64 = Release|x64
		Release|x86 = Release|x86
	EndGlobalSection
	GlobalSection(ProjectConfigurationPlatforms) = postSolution
		{87DA9A0A-0C34-4A06-AB92-D356D4D47283}.Debug|x64.ActiveCfg = Debug|x64
		{87DA9A0A-0C34-4A06-AB92-D356D4D47283}.Debug|x64.Build.0 = Debug|x64
		{87DA9A0A-0C34-4A06-AB92-D356D4D47283}.Debug|x86.ActiveCfg = Debug|Win32
		{87DA9A0A-0C34-4A06-AB92-D356D4D47283}.Debug|x86.Build.0 = Debug|Win32
		{87DA9A0A-0C34-4A06-AB92-D356D4D47283}.Release|x64.ActiveCfg = Release|x64
		{87DA9A0A-0C34-4A06-AB92-D356D4D47283}.Release|x64.Build.0 = Release|x64
		{87DA9A0A-0C34-4A06-AB92-D356D4D47283}.Release|x86.ActiveCfg = Release|Win32
		{87DA9A0A-0C34-4A06-AB92-D356D4D47283}.Release|x86.Build.0 = Release|Win32
	EndGlobalSection
	GlobalSection(SolutionProperties) = preSolution
		HideSolutionNode = FALSE
	EndGlobalSection
	GlobalSection(ExtensibilityGlobals) = postSolution
		SolutionGuid = {0B306A72-18D4-4D84-8781-44E73833A7AA}
	EndGlobalSection
EndGlobal
